# This file is automatically @generated by Poetry 1.4.0 and should not be changed by hand.

[[package]]
name = "uwsgi"
version = "2.0.21"
description = "The uWSGI server"
category = "main"
optional = false
python-versions = "*"
files = [
    {file = "uwsgi-2.0.21.tar.gz", hash = "sha256:35a30d83791329429bc04fe44183ce4ab512fcf6968070a7bfba42fc5a0552a9"},
]

[metadata]
lock-version = "2.0"
python-versions = "^3.11"
content-hash = "cf89c13a1395fd37abbf655ba26caa9135bf6e4718f4fffffccce1457b3dc647"
